<?xml version="1.0" encoding="utf-8"?>
<Project ToolsVersion="4.0" xmlns="http://schemas.microsoft.com/developer/msbuild/2003">
  <ItemGroup>
    <Filter Include="Source Files">
      <UniqueIdentifier>{de4de7e9-f3d8-4218-952f-a63012225e37}</UniqueIdentifier>
      <Extensions>cpp;c;cxx;rc;def;r;odl;idl;hpj;bat</Extensions>
    </Filter>
    <Filter Include="Header Files">
      <UniqueIdentifier>{837ca2d1-8a0d-4198-ae73-a8daf3852488}</UniqueIdentifier>
      <Extensions>h;hpp;hxx;hm;inl</Extensions>
    </Filter>
    <Filter Include="Resource Files">
      <UniqueIdentifier>{46eb5e0f-c649-4bc4-9dd9-f8fdf175019c}</UniqueIdentifier>
      <Extensions>ico;cur;bmp;dlg;rc2;rct;bin;cnt;rtf;gif;jpg;jpeg;jpe</Extensions>
    </Filter>
  </ItemGroup>
  <ItemGroup>
    <ClCompile Include="GL3dOcx.cpp">
      <Filter>Source Files</Filter>
    </ClCompile>
    <ClCompile Include="GL3dOcxCtl.cpp">
      <Filter>Source Files</Filter>
    </ClCompile>
    <ClCompile Include="GL3dOcxPpg.cpp">
      <Filter>Source Files</Filter>
    </ClCompile>
    <ClCompile Include="GLFont.cpp">
      <Filter>Source Files</Filter>
    </ClCompile>
    <ClCompile Include="StdAfx.cpp">
      <Filter>Source Files</Filter>
    </ClCompile>
  </ItemGroup>
  <ItemGroup>
    <Midl Include="GL3dOcx.odl">
      <Filter>Source Files</Filter>
    </Midl>
  </ItemGroup>
  <ItemGroup>
    <ResourceCompile Include="GL3dOcx.rc">
      <Filter>Source Files</Filter>
    </ResourceCompile>
  </ItemGroup>
  <ItemGroup>
    <ClInclude Include="GL3dOcx.h">
      <Filter>Header Files</Filter>
    </ClInclude>
    <ClInclude Include="GL3dOcxCtl.h">
      <Filter>Header Files</Filter>
    </ClInclude>
    <ClInclude Include="GL3dOcxPpg.h">
      <Filter>Header Files</Filter>
    </ClInclude>
    <ClInclude Include="GLFont.h">
      <Filter>Header Files</Filter>
    </ClInclude>
    <ClInclude Include="Resource.h">
      <Filter>Header Files</Filter>
    </ClInclude>
    <ClInclude Include="StdAfx.h">
      <Filter>Header Files</Filter>
    </ClInclude>
  </ItemGroup>
  <ItemGroup>
    <Image Include="GL3dOcx.ico">
      <Filter>Resource Files</Filter>
    </Image>
    <Image Include="GL3dOcxCtl.bmp">
      <Filter>Resource Files</Filter>
    </Image>
  </ItemGroup>
  <ItemGroup>
    <Text Include="ReadMe.txt" />
  </ItemGroup>
  <ItemGroup>
    <CustomBuild Include="GL3dOcx.def">
      <Filter>Source Files</Filter>
    </CustomBuild>
  </ItemGroup>
</Project>